
Microsoft Visual Studio Solution File, Format Version 12.00
# Visual Studio Version 16
VisualStudioVersion = 16.0.31613.86
MinimumVisualStudioVersion = 10.0.40219.1
Project("{FAE04EC0-301F-11D3-BF4B-00C04F79EFBC}") = "AHCS_LAB2", "AHCS_LAB2\AHCS_LAB2.csproj", "{40251B23-390C-491A-A140-1B2935F21CF4}"
EndProject
Global
	GlobalSection(SolutionConfigurationPlatforms) = preSolution
		Debug|Any CPU = Debug|Any CPU
		Release|Any CPU = Release|Any CPU
	EndGlobalSection
	GlobalSection(ProjectConfigurationPlatforms) = postSolution
		{40251B23-390C-491A-A140-1B2935F21CF4}.Debug|Any CPU.ActiveCfg = Debug|Any CPU
		{40251B23-390C-491A-A140-1B2935F21CF4}.Debug|Any CPU.Build.0 = Debug|Any CPU
		{40251B23-390C-491A-A140-1B2935F21CF4}.Release|Any CPU.ActiveCfg = Release|Any CPU
		{40251B23-390C-491A-A140-1B2935F21CF4}.Release|Any CPU.Build.0 = Release|Any CPU
	EndGlobalSection
	GlobalSection(SolutionProperties) = preSolution
		HideSolutionNode = FALSE
	EndGlobalSection
	GlobalSection(ExtensibilityGlobals) = postSolution
		SolutionGuid = {6BCF93E2-03E5-4F8A-BB2A-2CDE7800F9C5}
	EndGlobalSection
EndGlobal
